
Microsoft Visual Studio Solution File, Format Version 12.00
# Visual Studio Version 16
VisualStudioVersion = 16.0.33328.57
MinimumVisualStudioVersion = 10.0.40219.1
Project("{FAE04EC0-301F-11D3-BF4B-00C04F79EFBC}") = "ProjetBadgeVirtuel2", "..\ProjetBadgeVirtuel2\ProjetBadgeVirtuel2.csproj", "{154FFE45-6487-4811-84BC-8B63357005EA}"
EndProject
Global
	GlobalSection(SolutionConfigurationPlatforms) = preSolution
		Debug|Any CPU = Debug|Any CPU
		Release|Any CPU = Release|Any CPU
	EndGlobalSection
	GlobalSection(ProjectConfigurationPlatforms) = postSolution
		{154FFE45-6487-4811-84BC-8B63357005EA}.Debug|Any CPU.ActiveCfg = Debug|Any CPU
		{154FFE45-6487-4811-84BC-8B63357005EA}.Debug|Any CPU.Build.0 = Debug|Any CPU
		{154FFE45-6487-4811-84BC-8B63357005EA}.Release|Any CPU.ActiveCfg = Release|Any CPU
		{154FFE45-6487-4811-84BC-8B63357005EA}.Release|Any CPU.Build.0 = Release|Any CPU
	EndGlobalSection
	GlobalSection(SolutionProperties) = preSolution
		HideSolutionNode = FALSE
	EndGlobalSection
	GlobalSection(ExtensibilityGlobals) = postSolution
		SolutionGuid = {73967D28-3DE9-470B-AD1F-81BEE54085D1}
	EndGlobalSection
EndGlobal
