
Microsoft Visual Studio Solution File, Format Version 12.00
# Visual Studio Version 17
VisualStudioVersion = 17.6.33723.286
MinimumVisualStudioVersion = 10.0.40219.1
Project("{FAE04EC0-301F-11D3-BF4B-00C04F79EFBC}") = "ProjetBadgeVirtuel", "ProjetBadgeVirtuel.csproj", "{58842F4D-2B85-49DD-80FE-7DCAE25953E9}"
EndProject
Global
	GlobalSection(SolutionConfigurationPlatforms) = preSolution
		Debug|Any CPU = Debug|Any CPU
		Release|Any CPU = Release|Any CPU
	EndGlobalSection
	GlobalSection(ProjectConfigurationPlatforms) = postSolution
		{58842F4D-2B85-49DD-80FE-7DCAE25953E9}.Debug|Any CPU.ActiveCfg = Debug|Any CPU
		{58842F4D-2B85-49DD-80FE-7DCAE25953E9}.Debug|Any CPU.Build.0 = Debug|Any CPU
		{58842F4D-2B85-49DD-80FE-7DCAE25953E9}.Release|Any CPU.ActiveCfg = Release|Any CPU
		{58842F4D-2B85-49DD-80FE-7DCAE25953E9}.Release|Any CPU.Build.0 = Release|Any CPU
	EndGlobalSection
	GlobalSection(SolutionProperties) = preSolution
		HideSolutionNode = FALSE
	EndGlobalSection
	GlobalSection(ExtensibilityGlobals) = postSolution
		SolutionGuid = {73967D28-3DE9-470B-AD1F-81BEE54085D1}
	EndGlobalSection
EndGlobal
